
Microsoft Visual Studio Solution File, Format Version 12.00
# Visual Studio 14
VisualStudioVersion = 14.0.23107.0
MinimumVisualStudioVersion = 10.0.40219.1
Project("{FAE04EC0-301F-11D3-BF4B-00C04F79EFBC}") = "Radar.Viewer", "Radar.Viewer\Radar.Viewer.csproj", "{8B60D954-1281-4640-9DF2-2DFB20CB2179}"
EndProject
Project("{FAE04EC0-301F-11D3-BF4B-00C04F79EFBC}") = "Radar.Ui", "Radar.Ui\Radar.Ui.csproj", "{B026F39F-EC42-45FC-BAA4-E74ED56111E5}"
EndProject
Project("{FAE04EC0-301F-11D3-BF4B-00C04F79EFBC}") = "Host.Desktop", "Host.Desktop\Host.Desktop.csproj", "{81433557-3056-4D33-8EC7-56B094405BF0}"
EndProject
Project("{FAE04EC0-301F-11D3-BF4B-00C04F79EFBC}") = "Host.Desktop.Themes", "Host.Desktop.Themes\Host.Desktop.Themes.csproj", "{78F6D844-9027-46AA-B9D7-0111AB096AB5}"
EndProject
Global
	GlobalSection(SolutionConfigurationPlatforms) = preSolution
		Debug|Any CPU = Debug|Any CPU
		Release|Any CPU = Release|Any CPU
	EndGlobalSection
	GlobalSection(ProjectConfigurationPlatforms) = postSolution
		{8B60D954-1281-4640-9DF2-2DFB20CB2179}.Debug|Any CPU.ActiveCfg = Debug|Any CPU
		{8B60D954-1281-4640-9DF2-2DFB20CB2179}.Debug|Any CPU.Build.0 = Debug|Any CPU
		{8B60D954-1281-4640-9DF2-2DFB20CB2179}.Release|Any CPU.ActiveCfg = Release|Any CPU
		{8B60D954-1281-4640-9DF2-2DFB20CB2179}.Release|Any CPU.Build.0 = Release|Any CPU
		{B026F39F-EC42-45FC-BAA4-E74ED56111E5}.Debug|Any CPU.ActiveCfg = Debug|Any CPU
		{B026F39F-EC42-45FC-BAA4-E74ED56111E5}.Debug|Any CPU.Build.0 = Debug|Any CPU
		{B026F39F-EC42-45FC-BAA4-E74ED56111E5}.Release|Any CPU.ActiveCfg = Release|Any CPU
		{B026F39F-EC42-45FC-BAA4-E74ED56111E5}.Release|Any CPU.Build.0 = Release|Any CPU
		{81433557-3056-4D33-8EC7-56B094405BF0}.Debug|Any CPU.ActiveCfg = Debug|Any CPU
		{81433557-3056-4D33-8EC7-56B094405BF0}.Debug|Any CPU.Build.0 = Debug|Any CPU
		{81433557-3056-4D33-8EC7-56B094405BF0}.Release|Any CPU.ActiveCfg = Release|Any CPU
		{81433557-3056-4D33-8EC7-56B094405BF0}.Release|Any CPU.Build.0 = Release|Any CPU
		{78F6D844-9027-46AA-B9D7-0111AB096AB5}.Debug|Any CPU.ActiveCfg = Debug|Any CPU
		{78F6D844-9027-46AA-B9D7-0111AB096AB5}.Debug|Any CPU.Build.0 = Debug|Any CPU
		{78F6D844-9027-46AA-B9D7-0111AB096AB5}.Release|Any CPU.ActiveCfg = Release|Any CPU
		{78F6D844-9027-46AA-B9D7-0111AB096AB5}.Release|Any CPU.Build.0 = Release|Any CPU
	EndGlobalSection
	GlobalSection(SolutionProperties) = preSolution
		HideSolutionNode = FALSE
	EndGlobalSection
EndGlobal
